
Microsoft Visual Studio Solution File, Format Version 12.00
# Visual Studio Version 16
VisualStudioVersion = 16.0.29424.173
MinimumVisualStudioVersion = 10.0.40219.1
Project("{9A19103F-16F7-4668-BE54-9A1E7A4F7556}") = "CustomerPurchases", "CustomerPurchases\CustomerPurchases.csproj", "{C2B67BF9-CCE3-4E00-BF71-AFA0E929A9C1}"
EndProject
Project("{FAE04EC0-301F-11D3-BF4B-00C04F79EFBC}") = "CustomerPurchasesTests", "CustomerPurchasesTests\CustomerPurchasesTests.csproj", "{C15213F2-31E0-4E5C-9BE9-B416845CDC1D}"
EndProject
Global
	GlobalSection(SolutionConfigurationPlatforms) = preSolution
		Debug|Any CPU = Debug|Any CPU
		Release|Any CPU = Release|Any CPU
	EndGlobalSection
	GlobalSection(ProjectConfigurationPlatforms) = postSolution
		{C2B67BF9-CCE3-4E00-BF71-AFA0E929A9C1}.Debug|Any CPU.ActiveCfg = Debug|Any CPU
		{C2B67BF9-CCE3-4E00-BF71-AFA0E929A9C1}.Debug|Any CPU.Build.0 = Debug|Any CPU
		{C2B67BF9-CCE3-4E00-BF71-AFA0E929A9C1}.Release|Any CPU.ActiveCfg = Release|Any CPU
		{C2B67BF9-CCE3-4E00-BF71-AFA0E929A9C1}.Release|Any CPU.Build.0 = Release|Any CPU
		{C15213F2-31E0-4E5C-9BE9-B416845CDC1D}.Debug|Any CPU.ActiveCfg = Debug|Any CPU
		{C15213F2-31E0-4E5C-9BE9-B416845CDC1D}.Debug|Any CPU.Build.0 = Debug|Any CPU
		{C15213F2-31E0-4E5C-9BE9-B416845CDC1D}.Release|Any CPU.ActiveCfg = Release|Any CPU
		{C15213F2-31E0-4E5C-9BE9-B416845CDC1D}.Release|Any CPU.Build.0 = Release|Any CPU
	EndGlobalSection
	GlobalSection(SolutionProperties) = preSolution
		HideSolutionNode = FALSE
	EndGlobalSection
	GlobalSection(ExtensibilityGlobals) = postSolution
		SolutionGuid = {A5470034-1B9B-4250-877C-D69B9D7BD07F}
	EndGlobalSection
EndGlobal
